
Microsoft Visual Studio Solution File, Format Version 12.00
# Visual Studio Version 17
VisualStudioVersion = 17.5.002.0
MinimumVisualStudioVersion = 10.0.40219.1
Project("{9A19103F-16F7-4668-BE54-9A1E7A4F7556}") = "ContactBook", "ContactBook.csproj", "{19D2DFFA-1D96-4095-B1E8-F0F84728DEB4}"
EndProject
Global
	GlobalSection(SolutionConfigurationPlatforms) = preSolution
		Debug|Any CPU = Debug|Any CPU
		Release|Any CPU = Release|Any CPU
	EndGlobalSection
	GlobalSection(ProjectConfigurationPlatforms) = postSolution
		{19D2DFFA-1D96-4095-B1E8-F0F84728DEB4}.Debug|Any CPU.ActiveCfg = Debug|Any CPU
		{19D2DFFA-1D96-4095-B1E8-F0F84728DEB4}.Debug|Any CPU.Build.0 = Debug|Any CPU
		{19D2DFFA-1D96-4095-B1E8-F0F84728DEB4}.Release|Any CPU.ActiveCfg = Release|Any CPU
		{19D2DFFA-1D96-4095-B1E8-F0F84728DEB4}.Release|Any CPU.Build.0 = Release|Any CPU
	EndGlobalSection
	GlobalSection(SolutionProperties) = preSolution
		HideSolutionNode = FALSE
	EndGlobalSection
	GlobalSection(ExtensibilityGlobals) = postSolution
		SolutionGuid = {92537167-D65E-4998-A4DB-BFC6ADE832CA}
	EndGlobalSection
EndGlobal
